
Microsoft Visual Studio Solution File, Format Version 12.00
# Visual Studio 15
VisualStudioVersion = 15.0.28307.572
MinimumVisualStudioVersion = 10.0.40219.1
Project("{888888A0-9F3D-457C-B088-3A5042F75D52}") = "OOP_Python", "OOP_Python\OOP_Python.pyproj", "{5D86BE3B-8DDF-4746-915B-4001A90E98C6}"
EndProject
Project("{888888A0-9F3D-457C-B088-3A5042F75D52}") = "LearningPython", "Python Basics\LearningPython.pyproj", "{4E91909F-41AD-462D-8747-0C860B2BD69D}"
EndProject
Global
	GlobalSection(SolutionConfigurationPlatforms) = preSolution
		Debug|Any CPU = Debug|Any CPU
		Release|Any CPU = Release|Any CPU
	EndGlobalSection
	GlobalSection(ProjectConfigurationPlatforms) = postSolution
		{5D86BE3B-8DDF-4746-915B-4001A90E98C6}.Debug|Any CPU.ActiveCfg = Debug|Any CPU
		{5D86BE3B-8DDF-4746-915B-4001A90E98C6}.Release|Any CPU.ActiveCfg = Release|Any CPU
		{4E91909F-41AD-462D-8747-0C860B2BD69D}.Debug|Any CPU.ActiveCfg = Debug|Any CPU
		{4E91909F-41AD-462D-8747-0C860B2BD69D}.Release|Any CPU.ActiveCfg = Release|Any CPU
	EndGlobalSection
	GlobalSection(SolutionProperties) = preSolution
		HideSolutionNode = FALSE
	EndGlobalSection
	GlobalSection(ExtensibilityGlobals) = postSolution
		SolutionGuid = {58F602BF-4F5D-4905-8208-7860033BA7F9}
	EndGlobalSection
	GlobalSection(Performance) = preSolution
		HasPerformanceSessions = true
	EndGlobalSection
EndGlobal
