
Microsoft Visual Studio Solution File, Format Version 12.00
# Visual Studio 15
VisualStudioVersion = 15.0.28307.572
MinimumVisualStudioVersion = 10.0.40219.1
Project("{888888A0-9F3D-457C-B088-3A5042F75D52}") = "FlaskWebServer", "FlaskWebServer\FlaskWebServer.pyproj", "{B60E1609-0A29-45F3-BBF4-7BAA3FC03016}"
EndProject
Global
	GlobalSection(SolutionConfigurationPlatforms) = preSolution
		Debug|Any CPU = Debug|Any CPU
		Release|Any CPU = Release|Any CPU
	EndGlobalSection
	GlobalSection(ProjectConfigurationPlatforms) = postSolution
		{B60E1609-0A29-45F3-BBF4-7BAA3FC03016}.Debug|Any CPU.ActiveCfg = Debug|Any CPU
		{B60E1609-0A29-45F3-BBF4-7BAA3FC03016}.Debug|Any CPU.Build.0 = Debug|Any CPU
		{B60E1609-0A29-45F3-BBF4-7BAA3FC03016}.Release|Any CPU.ActiveCfg = Release|Any CPU
		{B60E1609-0A29-45F3-BBF4-7BAA3FC03016}.Release|Any CPU.Build.0 = Release|Any CPU
	EndGlobalSection
	GlobalSection(SolutionProperties) = preSolution
		HideSolutionNode = FALSE
	EndGlobalSection
	GlobalSection(ExtensibilityGlobals) = postSolution
		SolutionGuid = {C9644F89-D565-4A6C-86B3-5143FD167E69}
	EndGlobalSection
EndGlobal
